
Microsoft Visual Studio Solution File, Format Version 12.00
# Visual Studio Version 16
VisualStudioVersion = 16.0.31424.327
MinimumVisualStudioVersion = 10.0.40219.1
Project("{FAE04EC0-301F-11D3-BF4B-00C04F79EFBC}") = "LINCHANGZHI7324", "LINCHANGZHI7324\LINCHANGZHI7324.csproj", "{39B8CFF6-A338-40D5-8E80-383154832AA3}"
EndProject
Project("{2150E333-8FDC-42A3-9474-1A3956D46DE8}") = "xml", "xml", "{302A62F6-2CFB-49E9-91F2-0390BB994C23}"
	ProjectSection(SolutionItems) = preProject
		LINCHANGZHI7324\xmldata\importantHowTOCountTax.xml = LINCHANGZHI7324\xmldata\importantHowTOCountTax.xml
	EndProjectSection
EndProject
Global
	GlobalSection(SolutionConfigurationPlatforms) = preSolution
		Debug|Any CPU = Debug|Any CPU
		Release|Any CPU = Release|Any CPU
	EndGlobalSection
	GlobalSection(ProjectConfigurationPlatforms) = postSolution
		{39B8CFF6-A338-40D5-8E80-383154832AA3}.Debug|Any CPU.ActiveCfg = Debug|Any CPU
		{39B8CFF6-A338-40D5-8E80-383154832AA3}.Debug|Any CPU.Build.0 = Debug|Any CPU
		{39B8CFF6-A338-40D5-8E80-383154832AA3}.Release|Any CPU.ActiveCfg = Release|Any CPU
		{39B8CFF6-A338-40D5-8E80-383154832AA3}.Release|Any CPU.Build.0 = Release|Any CPU
	EndGlobalSection
	GlobalSection(SolutionProperties) = preSolution
		HideSolutionNode = FALSE
	EndGlobalSection
	GlobalSection(ExtensibilityGlobals) = postSolution
		SolutionGuid = {D5241B92-A384-41CF-A500-DDCE8DDE195A}
	EndGlobalSection
EndGlobal
